
Microsoft Visual Studio Solution File, Format Version 12.00
# Visual Studio Version 17
VisualStudioVersion = 17.0.31903.59
MinimumVisualStudioVersion = 10.0.40219.1
Project("{9A19103F-16F7-4668-BE54-9A1E7A4F7556}") = "ORS.Parser", "ORS.Parser\ORS.Parser.csproj", "{14A1D36C-EB54-45CF-9D9E-469E4391B5E4}"
EndProject
Project("{9A19103F-16F7-4668-BE54-9A1E7A4F7556}") = "ORS.Player", "ORS.Interpreter.MonoGame\ORS.Player.csproj", "{34471E9C-FF96-459D-8024-58D102661A15}"
EndProject
Project("{9A19103F-16F7-4668-BE54-9A1E7A4F7556}") = "Monogame.ImGuiNet", "external\MonoGame.ImGuiNet\MonoGame.ImGuiNet\Monogame.ImGuiNet.csproj", "{E385910D-6862-409A-99FC-F22D06901DF3}"
EndProject
Global
	GlobalSection(SolutionConfigurationPlatforms) = preSolution
		Debug|Any CPU = Debug|Any CPU
		Release|Any CPU = Release|Any CPU
	EndGlobalSection
	GlobalSection(ProjectConfigurationPlatforms) = postSolution
		{14A1D36C-EB54-45CF-9D9E-469E4391B5E4}.Debug|Any CPU.ActiveCfg = Debug|Any CPU
		{14A1D36C-EB54-45CF-9D9E-469E4391B5E4}.Debug|Any CPU.Build.0 = Debug|Any CPU
		{14A1D36C-EB54-45CF-9D9E-469E4391B5E4}.Release|Any CPU.ActiveCfg = Release|Any CPU
		{14A1D36C-EB54-45CF-9D9E-469E4391B5E4}.Release|Any CPU.Build.0 = Release|Any CPU
		{34471E9C-FF96-459D-8024-58D102661A15}.Debug|Any CPU.ActiveCfg = Debug|Any CPU
		{34471E9C-FF96-459D-8024-58D102661A15}.Debug|Any CPU.Build.0 = Debug|Any CPU
		{34471E9C-FF96-459D-8024-58D102661A15}.Release|Any CPU.ActiveCfg = Release|Any CPU
		{34471E9C-FF96-459D-8024-58D102661A15}.Release|Any CPU.Build.0 = Release|Any CPU
		{E385910D-6862-409A-99FC-F22D06901DF3}.Debug|Any CPU.ActiveCfg = Debug|Any CPU
		{E385910D-6862-409A-99FC-F22D06901DF3}.Debug|Any CPU.Build.0 = Debug|Any CPU
		{E385910D-6862-409A-99FC-F22D06901DF3}.Release|Any CPU.ActiveCfg = Release|Any CPU
		{E385910D-6862-409A-99FC-F22D06901DF3}.Release|Any CPU.Build.0 = Release|Any CPU
	EndGlobalSection
	GlobalSection(SolutionProperties) = preSolution
		HideSolutionNode = FALSE
	EndGlobalSection
	GlobalSection(ExtensibilityGlobals) = postSolution
		SolutionGuid = {45EE5C8A-45E5-4458-AFB0-B310D6BC0CF6}
	EndGlobalSection
EndGlobal
